
Microsoft Visual Studio Solution File, Format Version 12.00
# Visual Studio Version 17
VisualStudioVersion = 17.1.32414.318
MinimumVisualStudioVersion = 10.0.40219.1
Project("{9A19103F-16F7-4668-BE54-9A1E7A4F7556}") = "ImgTelegramBot", "ImgTelegramBot\ImgTelegramBot.csproj", "{C4458F8A-C50B-46D8-B728-CDDEAED27A8A}"
EndProject
Global
	GlobalSection(SolutionConfigurationPlatforms) = preSolution
		Debug|Any CPU = Debug|Any CPU
		Release|Any CPU = Release|Any CPU
	EndGlobalSection
	GlobalSection(ProjectConfigurationPlatforms) = postSolution
		{C4458F8A-C50B-46D8-B728-CDDEAED27A8A}.Debug|Any CPU.ActiveCfg = Debug|Any CPU
		{C4458F8A-C50B-46D8-B728-CDDEAED27A8A}.Debug|Any CPU.Build.0 = Debug|Any CPU
		{C4458F8A-C50B-46D8-B728-CDDEAED27A8A}.Release|Any CPU.ActiveCfg = Release|Any CPU
		{C4458F8A-C50B-46D8-B728-CDDEAED27A8A}.Release|Any CPU.Build.0 = Release|Any CPU
	EndGlobalSection
	GlobalSection(SolutionProperties) = preSolution
		HideSolutionNode = FALSE
	EndGlobalSection
	GlobalSection(ExtensibilityGlobals) = postSolution
		SolutionGuid = {6D4F3D41-5102-4AC8-B26A-9C11AB82DA4E}
	EndGlobalSection
EndGlobal
